
Microsoft Visual Studio Solution File, Format Version 12.00
# Visual Studio Version 17
VisualStudioVersion = 17.14.36414.22 d17.14
MinimumVisualStudioVersion = 10.0.40219.1
Project("{FAE04EC0-301F-11D3-BF4B-00C04F79EFBC}") = "Bnck", "Bnck.csproj", "{F5031DB1-7582-4AC2-B97F-19A2E202728C}"
EndProject
Global
	GlobalSection(SolutionConfigurationPlatforms) = preSolution
		Debug|Any CPU = Debug|Any CPU
		Release|Any CPU = Release|Any CPU
	EndGlobalSection
	GlobalSection(ProjectConfigurationPlatforms) = postSolution
		{F5031DB1-7582-4AC2-B97F-19A2E202728C}.Debug|Any CPU.ActiveCfg = Debug|Any CPU
		{F5031DB1-7582-4AC2-B97F-19A2E202728C}.Debug|Any CPU.Build.0 = Debug|Any CPU
		{F5031DB1-7582-4AC2-B97F-19A2E202728C}.Release|Any CPU.ActiveCfg = Release|Any CPU
		{F5031DB1-7582-4AC2-B97F-19A2E202728C}.Release|Any CPU.Build.0 = Release|Any CPU
	EndGlobalSection
	GlobalSection(SolutionProperties) = preSolution
		HideSolutionNode = FALSE
	EndGlobalSection
	GlobalSection(ExtensibilityGlobals) = postSolution
		SolutionGuid = {E87D9EF5-1AA3-400A-ACD3-1B5AB4CBA6AA}
	EndGlobalSection
EndGlobal
